
Microsoft Visual Studio Solution File, Format Version 12.00
# Visual Studio Version 17
VisualStudioVersion = 17.5.33516.290
MinimumVisualStudioVersion = 10.0.40219.1
Project("{FAE04EC0-301F-11D3-BF4B-00C04F79EFBC}") = "DisplayDate", "DisplayDate\DisplayDate.csproj", "{A1D408E6-64C6-4EC4-9A15-64E559120ABE}"
EndProject
Global
	GlobalSection(SolutionConfigurationPlatforms) = preSolution
		Debug|Any CPU = Debug|Any CPU
		Release|Any CPU = Release|Any CPU
	EndGlobalSection
	GlobalSection(ProjectConfigurationPlatforms) = postSolution
		{A1D408E6-64C6-4EC4-9A15-64E559120ABE}.Debug|Any CPU.ActiveCfg = Debug|Any CPU
		{A1D408E6-64C6-4EC4-9A15-64E559120ABE}.Debug|Any CPU.Build.0 = Debug|Any CPU
		{A1D408E6-64C6-4EC4-9A15-64E559120ABE}.Release|Any CPU.ActiveCfg = Release|Any CPU
		{A1D408E6-64C6-4EC4-9A15-64E559120ABE}.Release|Any CPU.Build.0 = Release|Any CPU
	EndGlobalSection
	GlobalSection(SolutionProperties) = preSolution
		HideSolutionNode = FALSE
	EndGlobalSection
	GlobalSection(ExtensibilityGlobals) = postSolution
		SolutionGuid = {C0FE12B1-2F1C-417D-8B9E-17939D00F5D3}
	EndGlobalSection
EndGlobal
